<?xml version="1.0" encoding="utf-8"?>
<Project ToolsVersion="4.0" xmlns="http://schemas.microsoft.com/developer/msbuild/2003">
  <ItemGroup>
    <Filter Include="imgui">
      <UniqueIdentifier>{0098A80F-6CAC-D0C0-352E-7420A101CDF1}</UniqueIdentifier>
    </Filter>
    <Filter Include="include">
      <UniqueIdentifier>{89AF369E-F58E-B539-FEA6-40106A051C9B}</UniqueIdentifier>
    </Filter>
    <Filter Include="include\Engine">
      <UniqueIdentifier>{EEA51C00-DA73-1006-C307-812CAF74EC6A}</UniqueIdentifier>
    </Filter>
    <Filter Include="include\Engine\App">
      <UniqueIdentifier>{1ED6D468-0ABA-95BE-731A-90115F1D8040}</UniqueIdentifier>
    </Filter>
    <Filter Include="include\Engine\EMS">
      <UniqueIdentifier>{82E2D468-6EC6-95BE-D726-9011C3298040}</UniqueIdentifier>
    </Filter>
    <Filter Include="include\Engine\GameLogic">
      <UniqueIdentifier>{25DB47D9-1100-9759-3A4B-7CE926CF9577}</UniqueIdentifier>
    </Filter>
    <Filter Include="include\Engine\Input">
      <UniqueIdentifier>{6D90F2F1-591F-7CBB-023E-90B6EEAB8C61}</UniqueIdentifier>
    </Filter>
    <Filter Include="include\Engine\Rendering">
      <UniqueIdentifier>{BB3013D8-A755-6258-D0A0-47E8BC246176}</UniqueIdentifier>
    </Filter>
    <Filter Include="src">
      <UniqueIdentifier>{2DAB880B-99B4-887C-2230-9F7C8E38947C}</UniqueIdentifier>
    </Filter>
    <Filter Include="src\App">
      <UniqueIdentifier>{DD622FA9-4942-AE44-525A-391BBEB814A6}</UniqueIdentifier>
    </Filter>
    <Filter Include="src\EMS">
      <UniqueIdentifier>{416F2FA9-AD4E-AE44-B666-391B22C514A6}</UniqueIdentifier>
    </Filter>
    <Filter Include="src\GameLogic">
      <UniqueIdentifier>{24BB0EBD-907B-8AF3-59B6-D370C535CFCF}</UniqueIdentifier>
    </Filter>
    <Filter Include="src\Input">
      <UniqueIdentifier>{EC4823B3-58B3-D729-A1F1-88CF0D9BB57E}</UniqueIdentifier>
    </Filter>
    <Filter Include="src\Rendering">
      <UniqueIdentifier>{BA10DABB-26D1-55F2-EF0B-9F6F5B8B9ACE}</UniqueIdentifier>
    </Filter>
  </ItemGroup>
  <ItemGroup>
    <ClInclude Include="include\Engine\App\Application.h">
      <Filter>include\Engine\App</Filter>
    </ClInclude>
    <ClInclude Include="include\Engine\App\Ui.h">
      <Filter>include\Engine\App</Filter>
    </ClInclude>
    <ClInclude Include="include\Engine\EMS\Entity.h">
      <Filter>include\Engine\EMS</Filter>
    </ClInclude>
    <ClInclude Include="include\Engine\EMS\EntityManager.h">
      <Filter>include\Engine\EMS</Filter>
    </ClInclude>
    <ClInclude Include="include\Engine\GameLogic\GameWorld.h">
      <Filter>include\Engine\GameLogic</Filter>
    </ClInclude>
    <ClInclude Include="include\Engine\Input\InputManager.h">
      <Filter>include\Engine\Input</Filter>
    </ClInclude>
    <ClInclude Include="include\Engine\Rendering\Renderer.h">
      <Filter>include\Engine\Rendering</Filter>
    </ClInclude>
    <ClInclude Include="include\Engine\utils.h">
      <Filter>include\Engine</Filter>
    </ClInclude>
  </ItemGroup>
  <ItemGroup>
    <ClCompile Include="imgui\imgui.cpp">
      <Filter>imgui</Filter>
    </ClCompile>
    <ClCompile Include="imgui\imgui_demo.cpp">
      <Filter>imgui</Filter>
    </ClCompile>
    <ClCompile Include="imgui\imgui_draw.cpp">
      <Filter>imgui</Filter>
    </ClCompile>
    <ClCompile Include="imgui\imgui_impl_opengl3.cpp">
      <Filter>imgui</Filter>
    </ClCompile>
    <ClCompile Include="imgui\imgui_impl_sdl2.cpp">
      <Filter>imgui</Filter>
    </ClCompile>
    <ClCompile Include="imgui\imgui_tables.cpp">
      <Filter>imgui</Filter>
    </ClCompile>
    <ClCompile Include="imgui\imgui_widgets.cpp">
      <Filter>imgui</Filter>
    </ClCompile>
    <ClCompile Include="src\App\Application.cpp">
      <Filter>src\App</Filter>
    </ClCompile>
    <ClCompile Include="src\App\Ui.cpp">
      <Filter>src\App</Filter>
    </ClCompile>
    <ClCompile Include="src\EMS\Entity.cpp">
      <Filter>src\EMS</Filter>
    </ClCompile>
    <ClCompile Include="src\EMS\EntityManager.cpp">
      <Filter>src\EMS</Filter>
    </ClCompile>
    <ClCompile Include="src\GameLogic\GameWorld.cpp">
      <Filter>src\GameLogic</Filter>
    </ClCompile>
    <ClCompile Include="src\Input\InputManager.cpp">
      <Filter>src\Input</Filter>
    </ClCompile>
    <ClCompile Include="src\Rendering\Renderer.cpp">
      <Filter>src\Rendering</Filter>
    </ClCompile>
    <ClCompile Include="src\Engine.cpp">
      <Filter>src</Filter>
    </ClCompile>
    <ClCompile Include="src\utils.cpp">
      <Filter>src</Filter>
    </ClCompile>
  </ItemGroup>
</Project>