<?xml version="1.0" encoding="utf-8"?>
<Project ToolsVersion="4.0" xmlns="http://schemas.microsoft.com/developer/msbuild/2003">
  <ItemGroup>
    <Filter Include="include">
      <UniqueIdentifier>{89AF369E-F58E-B539-FEA6-40106A051C9B}</UniqueIdentifier>
    </Filter>
    <Filter Include="include\SdlEngine">
      <UniqueIdentifier>{9143C106-FD59-BF9C-46D1-4ABEB2269024}</UniqueIdentifier>
    </Filter>
    <Filter Include="include\SdlEngine\Renderer">
      <UniqueIdentifier>{571A64B4-432A-1085-ACE3-74A39812FF1D}</UniqueIdentifier>
    </Filter>
    <Filter Include="include\SdlEngine\utils">
      <UniqueIdentifier>{D1FD4CE1-3D35-9578-463F-F99BB2F5BB71}</UniqueIdentifier>
    </Filter>
    <Filter Include="include\stb">
      <UniqueIdentifier>{610AC131-CDBF-3927-56B4-33FEC268302B}</UniqueIdentifier>
    </Filter>
    <Filter Include="src">
      <UniqueIdentifier>{2DAB880B-99B4-887C-2230-9F7C8E38947C}</UniqueIdentifier>
    </Filter>
    <Filter Include="src\Renderer">
      <UniqueIdentifier>{73D1DFBF-5F34-6F64-08BA-A71AF4FB3AE7}</UniqueIdentifier>
    </Filter>
    <Filter Include="src\utils">
      <UniqueIdentifier>{6DAA42B6-D914-F72C-2253-A8D28EFCD481}</UniqueIdentifier>
    </Filter>
  </ItemGroup>
  <ItemGroup>
    <ClInclude Include="include\SdlEngine\Renderer\OpenGLRenderer.h">
      <Filter>include\SdlEngine\Renderer</Filter>
    </ClInclude>
    <ClInclude Include="include\SdlEngine\Renderer\ShaderLoader.h">
      <Filter>include\SdlEngine\Renderer</Filter>
    </ClInclude>
    <ClInclude Include="include\SdlEngine\Renderer\texturemanager.h">
      <Filter>include\SdlEngine\Renderer</Filter>
    </ClInclude>
    <ClInclude Include="include\SdlEngine\draw.h">
      <Filter>include\SdlEngine</Filter>
    </ClInclude>
    <ClInclude Include="include\SdlEngine\gameloop.h">
      <Filter>include\SdlEngine</Filter>
    </ClInclude>
    <ClInclude Include="include\SdlEngine\utils\JSON.h">
      <Filter>include\SdlEngine\utils</Filter>
    </ClInclude>
    <ClInclude Include="include\SdlEngine\window.h">
      <Filter>include\SdlEngine</Filter>
    </ClInclude>
    <ClInclude Include="include\stb\stb_c_lexer.h">
      <Filter>include\stb</Filter>
    </ClInclude>
    <ClInclude Include="include\stb\stb_connected_components.h">
      <Filter>include\stb</Filter>
    </ClInclude>
    <ClInclude Include="include\stb\stb_divide.h">
      <Filter>include\stb</Filter>
    </ClInclude>
    <ClInclude Include="include\stb\stb_ds.h">
      <Filter>include\stb</Filter>
    </ClInclude>
    <ClInclude Include="include\stb\stb_dxt.h">
      <Filter>include\stb</Filter>
    </ClInclude>
    <ClInclude Include="include\stb\stb_easy_font.h">
      <Filter>include\stb</Filter>
    </ClInclude>
    <ClInclude Include="include\stb\stb_herringbone_wang_tile.h">
      <Filter>include\stb</Filter>
    </ClInclude>
    <ClInclude Include="include\stb\stb_hexwave.h">
      <Filter>include\stb</Filter>
    </ClInclude>
    <ClInclude Include="include\stb\stb_image.h">
      <Filter>include\stb</Filter>
    </ClInclude>
    <ClInclude Include="include\stb\stb_image_resize2.h">
      <Filter>include\stb</Filter>
    </ClInclude>
    <ClInclude Include="include\stb\stb_image_write.h">
      <Filter>include\stb</Filter>
    </ClInclude>
    <ClInclude Include="include\stb\stb_include.h">
      <Filter>include\stb</Filter>
    </ClInclude>
    <ClInclude Include="include\stb\stb_leakcheck.h">
      <Filter>include\stb</Filter>
    </ClInclude>
    <ClInclude Include="include\stb\stb_perlin.h">
      <Filter>include\stb</Filter>
    </ClInclude>
    <ClInclude Include="include\stb\stb_rect_pack.h">
      <Filter>include\stb</Filter>
    </ClInclude>
    <ClInclude Include="include\stb\stb_sprintf.h">
      <Filter>include\stb</Filter>
    </ClInclude>
    <ClInclude Include="include\stb\stb_textedit.h">
      <Filter>include\stb</Filter>
    </ClInclude>
    <ClInclude Include="include\stb\stb_tilemap_editor.h">
      <Filter>include\stb</Filter>
    </ClInclude>
    <ClInclude Include="include\stb\stb_truetype.h">
      <Filter>include\stb</Filter>
    </ClInclude>
    <ClInclude Include="include\stb\stb_voxel_render.h">
      <Filter>include\stb</Filter>
    </ClInclude>
  </ItemGroup>
  <ItemGroup>
    <ClCompile Include="src\Renderer\OpenGLRenderer.cpp">
      <Filter>src\Renderer</Filter>
    </ClCompile>
    <ClCompile Include="src\Renderer\ShaderLoader.cpp">
      <Filter>src\Renderer</Filter>
    </ClCompile>
    <ClCompile Include="src\Renderer\texturemanager.cpp">
      <Filter>src\Renderer</Filter>
    </ClCompile>
    <ClCompile Include="src\draw.cpp">
      <Filter>src</Filter>
    </ClCompile>
    <ClCompile Include="src\gameloop.cpp">
      <Filter>src</Filter>
    </ClCompile>
    <ClCompile Include="src\stb.cpp">
      <Filter>src</Filter>
    </ClCompile>
    <ClCompile Include="src\stb_vorbis.c">
      <Filter>src</Filter>
    </ClCompile>
    <ClCompile Include="src\utils\JSON.cpp">
      <Filter>src\utils</Filter>
    </ClCompile>
    <ClCompile Include="src\window.cpp">
      <Filter>src</Filter>
    </ClCompile>
  </ItemGroup>
</Project>