<?xml version="1.0" encoding="utf-8"?>
<Project ToolsVersion="4.0" xmlns="http://schemas.microsoft.com/developer/msbuild/2003">
  <ItemGroup>
    <Filter Include="include">
      <UniqueIdentifier>{89AF369E-F58E-B539-FEA6-40106A051C9B}</UniqueIdentifier>
    </Filter>
    <Filter Include="include\SdlEngine">
      <UniqueIdentifier>{9143C106-FD59-BF9C-46D1-4ABEB2269024}</UniqueIdentifier>
    </Filter>
    <Filter Include="src">
      <UniqueIdentifier>{2DAB880B-99B4-887C-2230-9F7C8E38947C}</UniqueIdentifier>
    </Filter>
  </ItemGroup>
  <ItemGroup>
    <ClInclude Include="include\SdlEngine\draw.h">
      <Filter>include\SdlEngine</Filter>
    </ClInclude>
    <ClInclude Include="include\SdlEngine\gameloop.h">
      <Filter>include\SdlEngine</Filter>
    </ClInclude>
    <ClInclude Include="include\SdlEngine\texturemanager.h">
      <Filter>include\SdlEngine</Filter>
    </ClInclude>
    <ClInclude Include="include\SdlEngine\window.h">
      <Filter>include\SdlEngine</Filter>
    </ClInclude>
    <ClInclude Include="include\SdlEngine\EMS\EntityManager.h" />
    <ClInclude Include="include\SdlEngine\EMS\Entity.h" />
    <ClInclude Include="include\SdlEngine\Vector2.h" />
  </ItemGroup>
  <ItemGroup>
    <ClCompile Include="src\draw.cpp">
      <Filter>src</Filter>
    </ClCompile>
    <ClCompile Include="src\gameloop.cpp">
      <Filter>src</Filter>
    </ClCompile>
    <ClCompile Include="src\texturemanager.cpp">
      <Filter>src</Filter>
    </ClCompile>
    <ClCompile Include="src\window.cpp">
      <Filter>src</Filter>
    </ClCompile>
    <ClCompile Include="src\EMS\Entity.cpp" />
    <ClCompile Include="src\EMS\EntityManager.cpp" />
  </ItemGroup>
</Project>